// !$*UTF8*$!
{
	archiveVersion = 1;
	classes = {
	};
	objectVersion = 50;
	objects = {

/* Begin PBXBuildFile section */
		169659CF26BCE19F00FA1141 /* AppDelegate.swift in Sources */ = {isa = PBXBuildFile; fileRef = 169659CE26BCE19F00FA1141 /* AppDelegate.swift */; };
		169659D126BCE19F00FA1141 /* SceneDelegate.swift in Sources */ = {isa = PBXBuildFile; fileRef = 169659D026BCE19F00FA1141 /* SceneDelegate.swift */; };
		169659D326BCE19F00FA1141 /* ViewController.swift in Sources */ = {isa = PBXBuildFile; fileRef = 169659D226BCE19F00FA1141 /* ViewController.swift */; };
		169659D626BCE19F00FA1141 /* Main.storyboard in Resources */ = {isa = PBXBuildFile; fileRef = 169659D426BCE19F00FA1141 /* Main.storyboard */; };
		169659D826BCE1A200FA1141 /* Assets.xcassets in Resources */ = {isa = PBXBuildFile; fileRef = 169659D726BCE1A200FA1141 /* Assets.xcassets */; };
		169659DB26BCE1A200FA1141 /* LaunchScreen.storyboard in Resources */ = {isa = PBXBuildFile; fileRef = 169659D926BCE1A200FA1141 /* LaunchScreen.storyboard */; };
		169659E426BCE20600FA1141 /* Networking.swift in Sources */ = {isa = PBXBuildFile; fileRef = 169659E326BCE20600FA1141 /* Networking.swift */; };
		169659E726BCE2C600FA1141 /* ServiceController.swift in Sources */ = {isa = PBXBuildFile; fileRef = 169659E626BCE2C500FA1141 /* ServiceController.swift */; };
		169659EC26BCEB0E00FA1141 /* Post.swift in Sources */ = {isa = PBXBuildFile; fileRef = 169659EB26BCEB0E00FA1141 /* Post.swift */; };
		169659F026BCEB5C00FA1141 /* PostController.swift in Sources */ = {isa = PBXBuildFile; fileRef = 169659EF26BCEB5C00FA1141 /* PostController.swift */; };
/* End PBXBuildFile section */

/* Begin PBXFileReference section */
		169659CB26BCE19F00FA1141 /* Networking.app */ = {isa = PBXFileReference; explicitFileType = wrapper.application; includeInIndex = 0; path = Networking.app; sourceTree = BUILT_PRODUCTS_DIR; };
		169659CE26BCE19F00FA1141 /* AppDelegate.swift */ = {isa = PBXFileReference; lastKnownFileType = sourcecode.swift; path = AppDelegate.swift; sourceTree = "<group>"; };
		169659D026BCE19F00FA1141 /* SceneDelegate.swift */ = {isa = PBXFileReference; lastKnownFileType = sourcecode.swift; path = SceneDelegate.swift; sourceTree = "<group>"; };
		169659D226BCE19F00FA1141 /* ViewController.swift */ = {isa = PBXFileReference; lastKnownFileType = sourcecode.swift; path = ViewController.swift; sourceTree = "<group>"; };
		169659D526BCE19F00FA1141 /* Base */ = {isa = PBXFileReference; lastKnownFileType = file.storyboard; name = Base; path = Base.lproj/Main.storyboard; sourceTree = "<group>"; };
		169659D726BCE1A200FA1141 /* Assets.xcassets */ = {isa = PBXFileReference; lastKnownFileType = folder.assetcatalog; path = Assets.xcassets; sourceTree = "<group>"; };
		169659DA26BCE1A200FA1141 /* Base */ = {isa = PBXFileReference; lastKnownFileType = file.storyboard; name = Base; path = Base.lproj/LaunchScreen.storyboard; sourceTree = "<group>"; };
		169659DC26BCE1A200FA1141 /* Info.plist */ = {isa = PBXFileReference; lastKnownFileType = text.plist.xml; path = Info.plist; sourceTree = "<group>"; };
		169659E326BCE20600FA1141 /* Networking.swift */ = {isa = PBXFileReference; lastKnownFileType = sourcecode.swift; path = Networking.swift; sourceTree = "<group>"; };
		169659E626BCE2C500FA1141 /* ServiceController.swift */ = {isa = PBXFileReference; lastKnownFileType = sourcecode.swift; path = ServiceController.swift; sourceTree = "<group>"; };
		169659EB26BCEB0E00FA1141 /* Post.swift */ = {isa = PBXFileReference; lastKnownFileType = sourcecode.swift; path = Post.swift; sourceTree = "<group>"; };
		169659EF26BCEB5C00FA1141 /* PostController.swift */ = {isa = PBXFileReference; lastKnownFileType = sourcecode.swift; path = PostController.swift; sourceTree = "<group>"; };
/* End PBXFileReference section */

/* Begin PBXFrameworksBuildPhase section */
		169659C826BCE19F00FA1141 /* Frameworks */ = {
			isa = PBXFrameworksBuildPhase;
			buildActionMask = 2147483647;
			files = (
			);
			runOnlyForDeploymentPostprocessing = 0;
		};
/* End PBXFrameworksBuildPhase section */

/* Begin PBXGroup section */
		169659C226BCE19F00FA1141 = {
			isa = PBXGroup;
			children = (
				169659CD26BCE19F00FA1141 /* Networking */,
				169659CC26BCE19F00FA1141 /* Products */,
			);
			sourceTree = "<group>";
		};
		169659CC26BCE19F00FA1141 /* Products */ = {
			isa = PBXGroup;
			children = (
				169659CB26BCE19F00FA1141 /* Networking.app */,
			);
			name = Products;
			sourceTree = "<group>";
		};
		169659CD26BCE19F00FA1141 /* Networking */ = {
			isa = PBXGroup;
			children = (
				169659CE26BCE19F00FA1141 /* AppDelegate.swift */,
				169659D026BCE19F00FA1141 /* SceneDelegate.swift */,
				169659D226BCE19F00FA1141 /* ViewController.swift */,
				169659D426BCE19F00FA1141 /* Main.storyboard */,
				169659D726BCE1A200FA1141 /* Assets.xcassets */,
				169659D926BCE1A200FA1141 /* LaunchScreen.storyboard */,
				169659DC26BCE1A200FA1141 /* Info.plist */,
				169659E326BCE20600FA1141 /* Networking.swift */,
				169659E626BCE2C500FA1141 /* ServiceController.swift */,
				169659EB26BCEB0E00FA1141 /* Post.swift */,
				169659EF26BCEB5C00FA1141 /* PostController.swift */,
			);
			path = Networking;
			sourceTree = "<group>";
		};
/* End PBXGroup section */

/* Begin PBXNativeTarget section */
		169659CA26BCE19F00FA1141 /* Networking */ = {
			isa = PBXNativeTarget;
			buildConfigurationList = 169659DF26BCE1A200FA1141 /* Build configuration list for PBXNativeTarget "Networking" */;
			buildPhases = (
				169659C726BCE19F00FA1141 /* Sources */,
				169659C826BCE19F00FA1141 /* Frameworks */,
				169659C926BCE19F00FA1141 /* Resources */,
			);
			buildRules = (
			);
			dependencies = (
			);
			name = Networking;
			productName = Networking;
			productReference = 169659CB26BCE19F00FA1141 /* Networking.app */;
			productType = "com.apple.product-type.application";
		};
/* End PBXNativeTarget section */

/* Begin PBXProject section */
		169659C326BCE19F00FA1141 /* Project object */ = {
			isa = PBXProject;
			attributes = {
				LastSwiftUpdateCheck = 1240;
				LastUpgradeCheck = 1240;
				TargetAttributes = {
					169659CA26BCE19F00FA1141 = {
						CreatedOnToolsVersion = 12.4;
					};
				};
			};
			buildConfigurationList = 169659C626BCE19F00FA1141 /* Build configuration list for PBXProject "Networking" */;
			compatibilityVersion = "Xcode 9.3";
			developmentRegion = en;
			hasScannedForEncodings = 0;
			knownRegions = (
				en,
				Base,
			);
			mainGroup = 169659C226BCE19F00FA1141;
			productRefGroup = 169659CC26BCE19F00FA1141 /* Products */;
			projectDirPath = "";
			projectRoot = "";
			targets = (
				169659CA26BCE19F00FA1141 /* Networking */,
			);
		};
/* End PBXProject section */

/* Begin PBXResourcesBuildPhase section */
		169659C926BCE19F00FA1141 /* Resources */ = {
			isa = PBXResourcesBuildPhase;
			buildActionMask = 2147483647;
			files = (
				169659DB26BCE1A200FA1141 /* LaunchScreen.storyboard in Resources */,
				169659D826BCE1A200FA1141 /* Assets.xcassets in Resources */,
				169659D626BCE19F00FA1141 /* Main.storyboard in Resources */,
			);
			runOnlyForDeploymentPostprocessing = 0;
		};
/* End PBXResourcesBuildPhase section */

/* Begin PBXSourcesBuildPhase section */
		169659C726BCE19F00FA1141 /* Sources */ = {
			isa = PBXSourcesBuildPhase;
			buildActionMask = 2147483647;
			files = (
				169659D326BCE19F00FA1141 /* ViewController.swift in Sources */,
				169659CF26BCE19F00FA1141 /* AppDelegate.swift in Sources */,
				169659D126BCE19F00FA1141 /* SceneDelegate.swift in Sources */,
				169659EC26BCEB0E00FA1141 /* Post.swift in Sources */,
				169659F026BCEB5C00FA1141 /* PostController.swift in Sources */,
				169659E426BCE20600FA1141 /* Networking.swift in Sources */,
				169659E726BCE2C600FA1141 /* ServiceController.swift in Sources */,
			);
			runOnlyForDeploymentPostprocessing = 0;
		};
/* End PBXSourcesBuildPhase section */

/* Begin PBXVariantGroup section */
		169659D426BCE19F00FA1141 /* Main.storyboard */ = {
			isa = PBXVariantGroup;
			children = (
				169659D526BCE19F00FA1141 /* Base */,
			);
			name = Main.storyboard;
			sourceTree = "<group>";
		};
		169659D926BCE1A200FA1141 /* LaunchScreen.storyboard */ = {
			isa = PBXVariantGroup;
			children = (
				169659DA26BCE1A200FA1141 /* Base */,
			);
			name = LaunchScreen.storyboard;
			sourceTree = "<group>";
		};
/* End PBXVariantGroup section */

/* Begin XCBuildConfiguration section */
		169659DD26BCE1A200FA1141 /* Debug */ = {
			isa = XCBuildConfiguration;
			buildSettings = {
				ALWAYS_SEARCH_USER_PATHS = NO;
				CLANG_ANALYZER_NONNULL = YES;
				CLANG_ANALYZER_NUMBER_OBJECT_CONVERSION = YES_AGGRESSIVE;
				CLANG_CXX_LANGUAGE_STANDARD = "gnu++14";
				CLANG_CXX_LIBRARY = "libc++";
				CLANG_ENABLE_MODULES = YES;
				CLANG_ENABLE_OBJC_ARC = YES;
				CLANG_ENABLE_OBJC_WEAK = YES;
				CLANG_WARN_BLOCK_CAPTURE_AUTORELEASING = YES;
				CLANG_WARN_BOOL_CONVERSION = YES;
				CLANG_WARN_COMMA = YES;
				CLANG_WARN_CONSTANT_CONVERSION = YES;
				CLANG_WARN_DEPRECATED_OBJC_IMPLEMENTATIONS = YES;
				CLANG_WARN_DIRECT_OBJC_ISA_USAGE = YES_ERROR;
				CLANG_WARN_DOCUMENTATION_COMMENTS = YES;
				CLANG_WARN_EMPTY_BODY = YES;
				CLANG_WARN_ENUM_CONVERSION = YES;
				CLANG_WARN_INFINITE_RECURSION = YES;
				CLANG_WARN_INT_CONVERSION = YES;
				CLANG_WARN_NON_LITERAL_NULL_CONVERSION = YES;
				CLANG_WARN_OBJC_IMPLICIT_RETAIN_SELF = YES;
				CLANG_WARN_OBJC_LITERAL_CONVERSION = YES;
				CLANG_WARN_OBJC_ROOT_CLASS = YES_ERROR;
				CLANG_WARN_QUOTED_INCLUDE_IN_FRAMEWORK_HEADER = YES;
				CLANG_WARN_RANGE_LOOP_ANALYSIS = YES;
				CLANG_WARN_STRICT_PROTOTYPES = YES;
				CLANG_WARN_SUSPICIOUS_MOVE = YES;
				CLANG_WARN_UNGUARDED_AVAILABILITY = YES_AGGRESSIVE;
				CLANG_WARN_UNREACHABLE_CODE = YES;
				CLANG_WARN__DUPLICATE_METHOD_MATCH = YES;
				COPY_PHASE_STRIP = NO;
				DEBUG_INFORMATION_FORMAT = dwarf;
				ENABLE_STRICT_OBJC_MSGSEND = YES;
				ENABLE_TESTABILITY = YES;
				GCC_C_LANGUAGE_STANDARD = gnu11;
				GCC_DYNAMIC_NO_PIC = NO;
				GCC_NO_COMMON_BLOCKS = YES;
				GCC_OPTIMIZATION_LEVEL = 0;
				GCC_PREPROCESSOR_DEFINITIONS = (
					"DEBUG=1",
					"$(inherited)",
				);
				GCC_WARN_64_TO_32_BIT_CONVERSION = YES;
				GCC_WARN_ABOUT_RETURN_TYPE = YES_ERROR;
				GCC_WARN_UNDECLARED_SELECTOR = YES;
				GCC_WARN_UNINITIALIZED_AUTOS = YES_AGGRESSIVE;
				GCC_WARN_UNUSED_FUNCTION = YES;
				GCC_WARN_UNUSED_VARIABLE = YES;
				IPHONEOS_DEPLOYMENT_TARGET = 14.4;
				MTL_ENABLE_DEBUG_INFO = INCLUDE_SOURCE;
				MTL_FAST_MATH = YES;
				ONLY_ACTIVE_ARCH = YES;
				SDKROOT = iphoneos;
				SWIFT_ACTIVE_COMPILATION_CONDITIONS = DEBUG;
				SWIFT_OPTIMIZATION_LEVEL = "-Onone";
			};
			name = Debug;
		};
		169659DE26BCE1A200FA1141 /* Release */ = {
			isa = XCBuildConfiguration;
			buildSettings = {
				ALWAYS_SEARCH_USER_PATHS = NO;
				CLANG_ANALYZER_NONNULL = YES;
				CLANG_ANALYZER_NUMBER_OBJECT_CONVERSION = YES_AGGRESSIVE;
				CLANG_CXX_LANGUAGE_STANDARD = "gnu++14";
				CLANG_CXX_LIBRARY = "libc++";
				CLANG_ENABLE_MODULES = YES;
				CLANG_ENABLE_OBJC_ARC = YES;
				CLANG_ENABLE_OBJC_WEAK = YES;
				CLANG_WARN_BLOCK_CAPTURE_AUTORELEASING = YES;
				CLANG_WARN_BOOL_CONVERSION = YES;
				CLANG_WARN_COMMA = YES;
				CLANG_WARN_CONSTANT_CONVERSION = YES;
				CLANG_WARN_DEPRECATED_OBJC_IMPLEMENTATIONS = YES;
				CLANG_WARN_DIRECT_OBJC_ISA_USAGE = YES_ERROR;
				CLANG_WARN_DOCUMENTATION_COMMENTS = YES;
				CLANG_WARN_EMPTY_BODY = YES;
				CLANG_WARN_ENUM_CONVERSION = YES;
				CLANG_WARN_INFINITE_RECURSION = YES;
				CLANG_WARN_INT_CONVERSION = YES;
				CLANG_WARN_NON_LITERAL_NULL_CONVERSION = YES;
				CLANG_WARN_OBJC_IMPLICIT_RETAIN_SELF = YES;
				CLANG_WARN_OBJC_LITERAL_CONVERSION = YES;
				CLANG_WARN_OBJC_ROOT_CLASS = YES_ERROR;
				CLANG_WARN_QUOTED_INCLUDE_IN_FRAMEWORK_HEADER = YES;
				CLANG_WARN_RANGE_LOOP_ANALYSIS = YES;
				CLANG_WARN_STRICT_PROTOTYPES = YES;
				CLANG_WARN_SUSPICIOUS_MOVE = YES;
				CLANG_WARN_UNGUARDED_AVAILABILITY = YES_AGGRESSIVE;
				CLANG_WARN_UNREACHABLE_CODE = YES;
				CLANG_WARN__DUPLICATE_METHOD_MATCH = YES;
				COPY_PHASE_STRIP = NO;
				DEBUG_INFORMATION_FORMAT = "dwarf-with-dsym";
				ENABLE_NS_ASSERTIONS = NO;
				ENABLE_STRICT_OBJC_MSGSEND = YES;
				GCC_C_LANGUAGE_STANDARD = gnu11;
				GCC_NO_COMMON_BLOCKS = YES;
				GCC_WARN_64_TO_32_BIT_CONVERSION = YES;
				GCC_WARN_ABOUT_RETURN_TYPE = YES_ERROR;
				GCC_WARN_UNDECLARED_SELECTOR = YES;
				GCC_WARN_UNINITIALIZED_AUTOS = YES_AGGRESSIVE;
				GCC_WARN_UNUSED_FUNCTION = YES;
				GCC_WARN_UNUSED_VARIABLE = YES;
				IPHONEOS_DEPLOYMENT_TARGET = 14.4;
				MTL_ENABLE_DEBUG_INFO = NO;
				MTL_FAST_MATH = YES;
				SDKROOT = iphoneos;
				SWIFT_COMPILATION_MODE = wholemodule;
				SWIFT_OPTIMIZATION_LEVEL = "-O";
				VALIDATE_PRODUCT = YES;
			};
			name = Release;
		};
		169659E026BCE1A200FA1141 /* Debug */ = {
			isa = XCBuildConfiguration;
			buildSettings = {
				ASSETCATALOG_COMPILER_APPICON_NAME = AppIcon;
				ASSETCATALOG_COMPILER_GLOBAL_ACCENT_COLOR_NAME = AccentColor;
				CODE_SIGN_STYLE = Automatic;
				DEVELOPMENT_TEAM = L73M8R7276;
				INFOPLIST_FILE = Networking/Info.plist;
				LD_RUNPATH_SEARCH_PATHS = (
					"$(inherited)",
					"@executable_path/Frameworks",
				);
				PRODUCT_BUNDLE_IDENTIFIER = leemccormick.Networking;
				PRODUCT_NAME = "$(TARGET_NAME)";
				SWIFT_VERSION = 5.0;
				TARGETED_DEVICE_FAMILY = "1,2";
			};
			name = Debug;
		};
		169659E126BCE1A200FA1141 /* Release */ = {
			isa = XCBuildConfiguration;
			buildSettings = {
				ASSETCATALOG_COMPILER_APPICON_NAME = AppIcon;
				ASSETCATALOG_COMPILER_GLOBAL_ACCENT_COLOR_NAME = AccentColor;
				CODE_SIGN_STYLE = Automatic;
				DEVELOPMENT_TEAM = L73M8R7276;
				INFOPLIST_FILE = Networking/Info.plist;
				LD_RUNPATH_SEARCH_PATHS = (
					"$(inherited)",
					"@executable_path/Frameworks",
				);
				PRODUCT_BUNDLE_IDENTIFIER = leemccormick.Networking;
				PRODUCT_NAME = "$(TARGET_NAME)";
				SWIFT_VERSION = 5.0;
				TARGETED_DEVICE_FAMILY = "1,2";
			};
			name = Release;
		};
/* End XCBuildConfiguration section */

/* Begin XCConfigurationList section */
		169659C626BCE19F00FA1141 /* Build configuration list for PBXProject "Networking" */ = {
			isa = XCConfigurationList;
			buildConfigurations = (
				169659DD26BCE1A200FA1141 /* Debug */,
				169659DE26BCE1A200FA1141 /* Release */,
			);
			defaultConfigurationIsVisible = 0;
			defaultConfigurationName = Release;
		};
		169659DF26BCE1A200FA1141 /* Build configuration list for PBXNativeTarget "Networking" */ = {
			isa = XCConfigurationList;
			buildConfigurations = (
				169659E026BCE1A200FA1141 /* Debug */,
				169659E126BCE1A200FA1141 /* Release */,
			);
			defaultConfigurationIsVisible = 0;
			defaultConfigurationName = Release;
		};
/* End XCConfigurationList section */
	};
	rootObject = 169659C326BCE19F00FA1141 /* Project object */;
}
